# THIS IS AN AUTOGENERATED FILE. DO NOT EDIT THIS FILE DIRECTLY.
# yarn lockfile v1


"@types/prop-types@*":
  version "15.7.3"
  resolved "https://registry.yarnpkg.com/@types/prop-types/-/prop-types-15.7.3.tgz#2ab0d5da2e5815f94b0b9d4b95d1e5f243ab2ca7"
  integrity sha512-KfRL3PuHmqQLOG+2tGpRO26Ctg+Cq1E01D2DMriKEATHgWLfeNDmq9e29Q9WIky0dQ3NPkd1mzYH8Lm936Z9qw==

"@types/react@^16.9.52":
  version "16.9.53"
  resolved "https://registry.yarnpkg.com/@types/react/-/react-16.9.53.tgz#40cd4f8b8d6b9528aedd1fff8fcffe7a112a3d23"
  integrity sha512-4nW60Sd4L7+WMXH1D6jCdVftuW7j4Za6zdp6tJ33Rqv0nk1ZAmQKML9ZLD4H0dehA3FZxXR/GM8gXplf82oNGw==
  dependencies:
    "@types/prop-types" "*"
    csstype "^3.0.2"

"@types/webpack-env@^1.15.3":
  version "1.15.3"
  resolved "https://registry.yarnpkg.com/@types/webpack-env/-/webpack-env-1.15.3.tgz#fb602cd4c2f0b7c0fb857e922075fdf677d25d84"
  integrity sha512-5oiXqR7kwDGZ6+gmzIO2lTC+QsriNuQXZDWNYRV3l2XRN/zmPgnC21DLSx2D05zvD8vnXW6qUg7JnXZ4I6qLVQ==

csstype@^3.0.2:
  version "3.0.3"
  resolved "https://registry.yarnpkg.com/csstype/-/csstype-3.0.3.tgz#2b410bbeba38ba9633353aff34b05d9755d065f8"
  integrity sha512-jPl+wbWPOWJ7SXsWyqGRk3lGecbar0Cb0OvZF/r/ZU011R4YqiRehgkQ9p4eQfo9DSDLqLL3wHwfxeJiuIsNag==

monaco-editor@^0.21.2:
  version "0.21.2"
  resolved "https://registry.yarnpkg.com/monaco-editor/-/monaco-editor-0.21.2.tgz#37054e63e480d51a2dd17d609dcfb192304d5605"
  integrity sha512-jS51RLuzMaoJpYbu7F6TPuWpnWTLD4kjRW0+AZzcryvbxrTwhNy1KC9yboyKpgMTahpUbDUsuQULoo0GV1EPqg==

typescript@^4.0.3:
  version "4.0.3"
  resolved "https://registry.yarnpkg.com/typescript/-/typescript-4.0.3.tgz#153bbd468ef07725c1df9c77e8b453f8d36abba5"
  integrity sha512-tEu6DGxGgRJPb/mVPIZ48e69xCn2yRmCgYmDugAVwmJ6o+0u1RI18eO7E7WBTLYLaEVVOhwQmcdhQHweux/WPg==
